// !$*UTF8*$!
{
	archiveVersion = 1;
	classes = {
	};
	objectVersion = 46;
	objects = {

/* Begin PBXBuildFile section */
		A627230F1E0BB164009BBFAB /* Character.m in Sources */ = {isa = PBXBuildFile; fileRef = A627230E1E0BB164009BBFAB /* Character.m */; };
		A62723301E0BB701009BBFAB /* APIClient.m in Sources */ = {isa = PBXBuildFile; fileRef = A627232F1E0BB701009BBFAB /* APIClient.m */; };
		A62723361E0BC4D3009BBFAB /* NSString+Sign.m in Sources */ = {isa = PBXBuildFile; fileRef = A62723351E0BC4D3009BBFAB /* NSString+Sign.m */; };
		A627233A1E0BD019009BBFAB /* Image.m in Sources */ = {isa = PBXBuildFile; fileRef = A62723391E0BD019009BBFAB /* Image.m */; };
		A627233E1E0BDD2A009BBFAB /* ResponseDict.m in Sources */ = {isa = PBXBuildFile; fileRef = A627233D1E0BDD2A009BBFAB /* ResponseDict.m */; };
		A62723411E0BDE47009BBFAB /* Data.m in Sources */ = {isa = PBXBuildFile; fileRef = A62723401E0BDE47009BBFAB /* Data.m */; };
		A62723451E0BE803009BBFAB /* Summary.m in Sources */ = {isa = PBXBuildFile; fileRef = A62723441E0BE803009BBFAB /* Summary.m */; };
		A62723481E0BE8CF009BBFAB /* List.m in Sources */ = {isa = PBXBuildFile; fileRef = A62723471E0BE8CF009BBFAB /* List.m */; };
		A627234B1E0C0991009BBFAB /* AFNetworking.framework in Frameworks */ = {isa = PBXBuildFile; fileRef = A627234A1E0C0991009BBFAB /* AFNetworking.framework */; };
		A627234D1E0C0DFB009BBFAB /* AFNetworking.framework in CopyFiles */ = {isa = PBXBuildFile; fileRef = A627234A1E0C0991009BBFAB /* AFNetworking.framework */; settings = {ATTRIBUTES = (CodeSignOnCopy, RemoveHeadersOnCopy, ); }; };
		A65A67771E0D0EA000BA91F2 /* UIColor+AppColor.m in Sources */ = {isa = PBXBuildFile; fileRef = A65A67761E0D0EA000BA91F2 /* UIColor+AppColor.m */; };
		A6DEDEA31E085037006B0F5D /* main.m in Sources */ = {isa = PBXBuildFile; fileRef = A6DEDEA21E085037006B0F5D /* main.m */; };
		A6DEDEA61E085037006B0F5D /* AppDelegate.m in Sources */ = {isa = PBXBuildFile; fileRef = A6DEDEA51E085037006B0F5D /* AppDelegate.m */; };
		A6DEDEA91E085037006B0F5D /* CharacterViewController.m in Sources */ = {isa = PBXBuildFile; fileRef = A6DEDEA81E085037006B0F5D /* CharacterViewController.m */; };
		A6DEDEAE1E085037006B0F5D /* Assets.xcassets in Resources */ = {isa = PBXBuildFile; fileRef = A6DEDEAD1E085037006B0F5D /* Assets.xcassets */; };
		A6DEDEB11E085037006B0F5D /* LaunchScreen.storyboard in Resources */ = {isa = PBXBuildFile; fileRef = A6DEDEAF1E085037006B0F5D /* LaunchScreen.storyboard */; };
		A6DEDEE31E086A64006B0F5D /* MD5.m in Sources */ = {isa = PBXBuildFile; fileRef = A6DEDEE21E086A64006B0F5D /* MD5.m */; };
/* End PBXBuildFile section */

/* Begin PBXCopyFilesBuildPhase section */
		A627234C1E0C0DE4009BBFAB /* CopyFiles */ = {
			isa = PBXCopyFilesBuildPhase;
			buildActionMask = 2147483647;
			dstPath = "";
			dstSubfolderSpec = 10;
			files = (
				A627234D1E0C0DFB009BBFAB /* AFNetworking.framework in CopyFiles */,
			);
			runOnlyForDeploymentPostprocessing = 0;
		};
/* End PBXCopyFilesBuildPhase section */

/* Begin PBXFileReference section */
		A627230D1E0BB164009BBFAB /* Character.h */ = {isa = PBXFileReference; fileEncoding = 4; lastKnownFileType = sourcecode.c.h; path = Character.h; sourceTree = "<group>"; };
		A627230E1E0BB164009BBFAB /* Character.m */ = {isa = PBXFileReference; fileEncoding = 4; lastKnownFileType = sourcecode.c.objc; path = Character.m; sourceTree = "<group>"; };
		A627232E1E0BB701009BBFAB /* APIClient.h */ = {isa = PBXFileReference; fileEncoding = 4; lastKnownFileType = sourcecode.c.h; path = APIClient.h; sourceTree = "<group>"; };
		A627232F1E0BB701009BBFAB /* APIClient.m */ = {isa = PBXFileReference; fileEncoding = 4; lastKnownFileType = sourcecode.c.objc; path = APIClient.m; sourceTree = "<group>"; };
		A62723311E0BB765009BBFAB /* ResourceType.h */ = {isa = PBXFileReference; fileEncoding = 4; lastKnownFileType = sourcecode.c.h; path = ResourceType.h; sourceTree = "<group>"; };
		A62723341E0BC4D3009BBFAB /* NSString+Sign.h */ = {isa = PBXFileReference; fileEncoding = 4; lastKnownFileType = sourcecode.c.h; path = "NSString+Sign.h"; sourceTree = "<group>"; };
		A62723351E0BC4D3009BBFAB /* NSString+Sign.m */ = {isa = PBXFileReference; fileEncoding = 4; lastKnownFileType = sourcecode.c.objc; path = "NSString+Sign.m"; sourceTree = "<group>"; };
		A62723381E0BD019009BBFAB /* Image.h */ = {isa = PBXFileReference; fileEncoding = 4; lastKnownFileType = sourcecode.c.h; path = Image.h; sourceTree = "<group>"; };
		A62723391E0BD019009BBFAB /* Image.m */ = {isa = PBXFileReference; fileEncoding = 4; lastKnownFileType = sourcecode.c.objc; path = Image.m; sourceTree = "<group>"; };
		A627233C1E0BDD2A009BBFAB /* ResponseDict.h */ = {isa = PBXFileReference; fileEncoding = 4; lastKnownFileType = sourcecode.c.h; path = ResponseDict.h; sourceTree = "<group>"; };
		A627233D1E0BDD2A009BBFAB /* ResponseDict.m */ = {isa = PBXFileReference; fileEncoding = 4; lastKnownFileType = sourcecode.c.objc; path = ResponseDict.m; sourceTree = "<group>"; };
		A627233F1E0BDE47009BBFAB /* Data.h */ = {isa = PBXFileReference; fileEncoding = 4; lastKnownFileType = sourcecode.c.h; path = Data.h; sourceTree = "<group>"; };
		A62723401E0BDE47009BBFAB /* Data.m */ = {isa = PBXFileReference; fileEncoding = 4; lastKnownFileType = sourcecode.c.objc; path = Data.m; sourceTree = "<group>"; };
		A62723431E0BE803009BBFAB /* Summary.h */ = {isa = PBXFileReference; fileEncoding = 4; lastKnownFileType = sourcecode.c.h; path = Summary.h; sourceTree = "<group>"; };
		A62723441E0BE803009BBFAB /* Summary.m */ = {isa = PBXFileReference; fileEncoding = 4; lastKnownFileType = sourcecode.c.objc; path = Summary.m; sourceTree = "<group>"; };
		A62723461E0BE8CF009BBFAB /* List.h */ = {isa = PBXFileReference; fileEncoding = 4; lastKnownFileType = sourcecode.c.h; path = List.h; sourceTree = "<group>"; };
		A62723471E0BE8CF009BBFAB /* List.m */ = {isa = PBXFileReference; fileEncoding = 4; lastKnownFileType = sourcecode.c.objc; path = List.m; sourceTree = "<group>"; };
		A627234A1E0C0991009BBFAB /* AFNetworking.framework */ = {isa = PBXFileReference; lastKnownFileType = wrapper.framework; name = AFNetworking.framework; path = Carthage/Build/iOS/AFNetworking.framework; sourceTree = "<group>"; };
		A65A67751E0D0EA000BA91F2 /* UIColor+AppColor.h */ = {isa = PBXFileReference; fileEncoding = 4; lastKnownFileType = sourcecode.c.h; path = "UIColor+AppColor.h"; sourceTree = "<group>"; };
		A65A67761E0D0EA000BA91F2 /* UIColor+AppColor.m */ = {isa = PBXFileReference; fileEncoding = 4; lastKnownFileType = sourcecode.c.objc; path = "UIColor+AppColor.m"; sourceTree = "<group>"; };
		A6DEDE9E1E085037006B0F5D /* MarvelComics.app */ = {isa = PBXFileReference; explicitFileType = wrapper.application; includeInIndex = 0; path = MarvelComics.app; sourceTree = BUILT_PRODUCTS_DIR; };
		A6DEDEA21E085037006B0F5D /* main.m */ = {isa = PBXFileReference; lastKnownFileType = sourcecode.c.objc; path = main.m; sourceTree = "<group>"; };
		A6DEDEA41E085037006B0F5D /* AppDelegate.h */ = {isa = PBXFileReference; lastKnownFileType = sourcecode.c.h; path = AppDelegate.h; sourceTree = "<group>"; };
		A6DEDEA51E085037006B0F5D /* AppDelegate.m */ = {isa = PBXFileReference; lastKnownFileType = sourcecode.c.objc; path = AppDelegate.m; sourceTree = "<group>"; };
		A6DEDEA71E085037006B0F5D /* CharacterViewController.h */ = {isa = PBXFileReference; lastKnownFileType = sourcecode.c.h; path = CharacterViewController.h; sourceTree = "<group>"; };
		A6DEDEA81E085037006B0F5D /* CharacterViewController.m */ = {isa = PBXFileReference; lastKnownFileType = sourcecode.c.objc; path = CharacterViewController.m; sourceTree = "<group>"; };
		A6DEDEAD1E085037006B0F5D /* Assets.xcassets */ = {isa = PBXFileReference; lastKnownFileType = folder.assetcatalog; path = Assets.xcassets; sourceTree = "<group>"; };
		A6DEDEB01E085037006B0F5D /* Base */ = {isa = PBXFileReference; lastKnownFileType = file.storyboard; name = Base; path = Base.lproj/LaunchScreen.storyboard; sourceTree = "<group>"; };
		A6DEDEB21E085037006B0F5D /* Info.plist */ = {isa = PBXFileReference; lastKnownFileType = text.plist.xml; path = Info.plist; sourceTree = "<group>"; };
		A6DEDEE11E086A42006B0F5D /* MD5.h */ = {isa = PBXFileReference; lastKnownFileType = sourcecode.c.h; path = MD5.h; sourceTree = "<group>"; };
		A6DEDEE21E086A64006B0F5D /* MD5.m */ = {isa = PBXFileReference; fileEncoding = 4; lastKnownFileType = sourcecode.c.objc; path = MD5.m; sourceTree = "<group>"; };
/* End PBXFileReference section */

/* Begin PBXFrameworksBuildPhase section */
		A6DEDE9B1E085037006B0F5D /* Frameworks */ = {
			isa = PBXFrameworksBuildPhase;
			buildActionMask = 2147483647;
			files = (
				A627234B1E0C0991009BBFAB /* AFNetworking.framework in Frameworks */,
			);
			runOnlyForDeploymentPostprocessing = 0;
		};
/* End PBXFrameworksBuildPhase section */

/* Begin PBXGroup section */
		A627230B1E0BB132009BBFAB /* Model */ = {
			isa = PBXGroup;
			children = (
				A62723421E0BE7E8009BBFAB /* List */,
				A627233B1E0BDD0F009BBFAB /* ResponseDict */,
				A627232D1E0BB6EC009BBFAB /* API */,
				A62723371E0BD006009BBFAB /* Image */,
				A62723101E0BB2DA009BBFAB /* Character */,
			);
			name = Model;
			sourceTree = "<group>";
		};
		A627230C1E0BB13A009BBFAB /* Extensions */ = {
			isa = PBXGroup;
			children = (
				A62723501E0D0223009BBFAB /* Colors */,
				A657173F1E09408300280C99 /* Signature */,
			);
			name = Extensions;
			sourceTree = "<group>";
		};
		A62723101E0BB2DA009BBFAB /* Character */ = {
			isa = PBXGroup;
			children = (
				A627230D1E0BB164009BBFAB /* Character.h */,
				A627230E1E0BB164009BBFAB /* Character.m */,
			);
			name = Character;
			sourceTree = "<group>";
		};
		A627232D1E0BB6EC009BBFAB /* API */ = {
			isa = PBXGroup;
			children = (
				A627232E1E0BB701009BBFAB /* APIClient.h */,
				A627232F1E0BB701009BBFAB /* APIClient.m */,
				A62723311E0BB765009BBFAB /* ResourceType.h */,
			);
			name = API;
			sourceTree = "<group>";
		};
		A62723371E0BD006009BBFAB /* Image */ = {
			isa = PBXGroup;
			children = (
				A62723381E0BD019009BBFAB /* Image.h */,
				A62723391E0BD019009BBFAB /* Image.m */,
			);
			name = Image;
			sourceTree = "<group>";
		};
		A627233B1E0BDD0F009BBFAB /* ResponseDict */ = {
			isa = PBXGroup;
			children = (
				A627233C1E0BDD2A009BBFAB /* ResponseDict.h */,
				A627233D1E0BDD2A009BBFAB /* ResponseDict.m */,
				A627233F1E0BDE47009BBFAB /* Data.h */,
				A62723401E0BDE47009BBFAB /* Data.m */,
			);
			name = ResponseDict;
			sourceTree = "<group>";
		};
		A62723421E0BE7E8009BBFAB /* List */ = {
			isa = PBXGroup;
			children = (
				A62723431E0BE803009BBFAB /* Summary.h */,
				A62723441E0BE803009BBFAB /* Summary.m */,
				A62723461E0BE8CF009BBFAB /* List.h */,
				A62723471E0BE8CF009BBFAB /* List.m */,
			);
			name = List;
			sourceTree = "<group>";
		};
		A62723491E0C0991009BBFAB /* Frameworks */ = {
			isa = PBXGroup;
			children = (
				A627234A1E0C0991009BBFAB /* AFNetworking.framework */,
			);
			name = Frameworks;
			sourceTree = "<group>";
		};
		A62723501E0D0223009BBFAB /* Colors */ = {
			isa = PBXGroup;
			children = (
				A65A67751E0D0EA000BA91F2 /* UIColor+AppColor.h */,
				A65A67761E0D0EA000BA91F2 /* UIColor+AppColor.m */,
			);
			name = Colors;
			sourceTree = "<group>";
		};
		A657173F1E09408300280C99 /* Signature */ = {
			isa = PBXGroup;
			children = (
				A6DEDEE11E086A42006B0F5D /* MD5.h */,
				A6DEDEE21E086A64006B0F5D /* MD5.m */,
				A62723341E0BC4D3009BBFAB /* NSString+Sign.h */,
				A62723351E0BC4D3009BBFAB /* NSString+Sign.m */,
			);
			name = Signature;
			sourceTree = "<group>";
		};
		A6DEDE951E085037006B0F5D = {
			isa = PBXGroup;
			children = (
				A6DEDEA01E085037006B0F5D /* MarvelComics */,
				A6DEDE9F1E085037006B0F5D /* Products */,
				A62723491E0C0991009BBFAB /* Frameworks */,
			);
			sourceTree = "<group>";
		};
		A6DEDE9F1E085037006B0F5D /* Products */ = {
			isa = PBXGroup;
			children = (
				A6DEDE9E1E085037006B0F5D /* MarvelComics.app */,
			);
			name = Products;
			sourceTree = "<group>";
		};
		A6DEDEA01E085037006B0F5D /* MarvelComics */ = {
			isa = PBXGroup;
			children = (
				A627230C1E0BB13A009BBFAB /* Extensions */,
				A627230B1E0BB132009BBFAB /* Model */,
				A6DEDEA41E085037006B0F5D /* AppDelegate.h */,
				A6DEDEA51E085037006B0F5D /* AppDelegate.m */,
				A6DEDEA71E085037006B0F5D /* CharacterViewController.h */,
				A6DEDEA81E085037006B0F5D /* CharacterViewController.m */,
				A6DEDEAD1E085037006B0F5D /* Assets.xcassets */,
				A6DEDEAF1E085037006B0F5D /* LaunchScreen.storyboard */,
				A6DEDEB21E085037006B0F5D /* Info.plist */,
				A6DEDEA11E085037006B0F5D /* Supporting Files */,
			);
			path = MarvelComics;
			sourceTree = "<group>";
		};
		A6DEDEA11E085037006B0F5D /* Supporting Files */ = {
			isa = PBXGroup;
			children = (
				A6DEDEA21E085037006B0F5D /* main.m */,
			);
			name = "Supporting Files";
			sourceTree = "<group>";
		};
/* End PBXGroup section */

/* Begin PBXNativeTarget section */
		A6DEDE9D1E085037006B0F5D /* MarvelComics */ = {
			isa = PBXNativeTarget;
			buildConfigurationList = A6DEDEB51E085037006B0F5D /* Build configuration list for PBXNativeTarget "MarvelComics" */;
			buildPhases = (
				A6DEDE9A1E085037006B0F5D /* Sources */,
				A6DEDE9B1E085037006B0F5D /* Frameworks */,
				A6DEDE9C1E085037006B0F5D /* Resources */,
				A627234C1E0C0DE4009BBFAB /* CopyFiles */,
			);
			buildRules = (
			);
			dependencies = (
			);
			name = MarvelComics;
			productName = MarvelComics;
			productReference = A6DEDE9E1E085037006B0F5D /* MarvelComics.app */;
			productType = "com.apple.product-type.application";
		};
/* End PBXNativeTarget section */

/* Begin PBXProject section */
		A6DEDE961E085037006B0F5D /* Project object */ = {
			isa = PBXProject;
			attributes = {
				LastUpgradeCheck = 0820;
				ORGANIZATIONNAME = zzheads;
				TargetAttributes = {
					A6DEDE9D1E085037006B0F5D = {
						CreatedOnToolsVersion = 8.2;
						DevelopmentTeam = RS93W547X8;
						ProvisioningStyle = Automatic;
					};
				};
			};
			buildConfigurationList = A6DEDE991E085037006B0F5D /* Build configuration list for PBXProject "MarvelComics" */;
			compatibilityVersion = "Xcode 3.2";
			developmentRegion = English;
			hasScannedForEncodings = 0;
			knownRegions = (
				en,
				Base,
			);
			mainGroup = A6DEDE951E085037006B0F5D;
			productRefGroup = A6DEDE9F1E085037006B0F5D /* Products */;
			projectDirPath = "";
			projectRoot = "";
			targets = (
				A6DEDE9D1E085037006B0F5D /* MarvelComics */,
			);
		};
/* End PBXProject section */

/* Begin PBXResourcesBuildPhase section */
		A6DEDE9C1E085037006B0F5D /* Resources */ = {
			isa = PBXResourcesBuildPhase;
			buildActionMask = 2147483647;
			files = (
				A6DEDEB11E085037006B0F5D /* LaunchScreen.storyboard in Resources */,
				A6DEDEAE1E085037006B0F5D /* Assets.xcassets in Resources */,
			);
			runOnlyForDeploymentPostprocessing = 0;
		};
/* End PBXResourcesBuildPhase section */

/* Begin PBXSourcesBuildPhase section */
		A6DEDE9A1E085037006B0F5D /* Sources */ = {
			isa = PBXSourcesBuildPhase;
			buildActionMask = 2147483647;
			files = (
				A6DEDEA91E085037006B0F5D /* CharacterViewController.m in Sources */,
				A62723481E0BE8CF009BBFAB /* List.m in Sources */,
				A627233A1E0BD019009BBFAB /* Image.m in Sources */,
				A6DEDEA61E085037006B0F5D /* AppDelegate.m in Sources */,
				A6DEDEE31E086A64006B0F5D /* MD5.m in Sources */,
				A62723301E0BB701009BBFAB /* APIClient.m in Sources */,
				A627233E1E0BDD2A009BBFAB /* ResponseDict.m in Sources */,
				A65A67771E0D0EA000BA91F2 /* UIColor+AppColor.m in Sources */,
				A6DEDEA31E085037006B0F5D /* main.m in Sources */,
				A62723451E0BE803009BBFAB /* Summary.m in Sources */,
				A627230F1E0BB164009BBFAB /* Character.m in Sources */,
				A62723361E0BC4D3009BBFAB /* NSString+Sign.m in Sources */,
				A62723411E0BDE47009BBFAB /* Data.m in Sources */,
			);
			runOnlyForDeploymentPostprocessing = 0;
		};
/* End PBXSourcesBuildPhase section */

/* Begin PBXVariantGroup section */
		A6DEDEAF1E085037006B0F5D /* LaunchScreen.storyboard */ = {
			isa = PBXVariantGroup;
			children = (
				A6DEDEB01E085037006B0F5D /* Base */,
			);
			name = LaunchScreen.storyboard;
			sourceTree = "<group>";
		};
/* End PBXVariantGroup section */

/* Begin XCBuildConfiguration section */
		A6DEDEB31E085037006B0F5D /* Debug */ = {
			isa = XCBuildConfiguration;
			buildSettings = {
				ALWAYS_SEARCH_USER_PATHS = NO;
				CLANG_ANALYZER_NONNULL = YES;
				CLANG_CXX_LANGUAGE_STANDARD = "gnu++0x";
				CLANG_CXX_LIBRARY = "libc++";
				CLANG_ENABLE_MODULES = YES;
				CLANG_ENABLE_OBJC_ARC = YES;
				CLANG_WARN_BOOL_CONVERSION = YES;
				CLANG_WARN_CONSTANT_CONVERSION = YES;
				CLANG_WARN_DIRECT_OBJC_ISA_USAGE = YES_ERROR;
				CLANG_WARN_DOCUMENTATION_COMMENTS = YES;
				CLANG_WARN_EMPTY_BODY = YES;
				CLANG_WARN_ENUM_CONVERSION = YES;
				CLANG_WARN_INFINITE_RECURSION = YES;
				CLANG_WARN_INT_CONVERSION = YES;
				CLANG_WARN_OBJC_ROOT_CLASS = YES_ERROR;
				CLANG_WARN_SUSPICIOUS_MOVE = YES;
				CLANG_WARN_UNREACHABLE_CODE = YES;
				CLANG_WARN__DUPLICATE_METHOD_MATCH = YES;
				"CODE_SIGN_IDENTITY[sdk=iphoneos*]" = "iPhone Developer";
				COPY_PHASE_STRIP = NO;
				DEBUG_INFORMATION_FORMAT = dwarf;
				ENABLE_STRICT_OBJC_MSGSEND = YES;
				ENABLE_TESTABILITY = YES;
				GCC_C_LANGUAGE_STANDARD = gnu99;
				GCC_DYNAMIC_NO_PIC = NO;
				GCC_NO_COMMON_BLOCKS = YES;
				GCC_OPTIMIZATION_LEVEL = 0;
				GCC_PREPROCESSOR_DEFINITIONS = (
					"DEBUG=1",
					"$(inherited)",
				);
				GCC_WARN_64_TO_32_BIT_CONVERSION = YES;
				GCC_WARN_ABOUT_RETURN_TYPE = YES_ERROR;
				GCC_WARN_UNDECLARED_SELECTOR = YES;
				GCC_WARN_UNINITIALIZED_AUTOS = YES_AGGRESSIVE;
				GCC_WARN_UNUSED_FUNCTION = YES;
				GCC_WARN_UNUSED_VARIABLE = YES;
				IPHONEOS_DEPLOYMENT_TARGET = 10.2;
				MTL_ENABLE_DEBUG_INFO = YES;
				ONLY_ACTIVE_ARCH = YES;
				SDKROOT = iphoneos;
			};
			name = Debug;
		};
		A6DEDEB41E085037006B0F5D /* Release */ = {
			isa = XCBuildConfiguration;
			buildSettings = {
				ALWAYS_SEARCH_USER_PATHS = NO;
				CLANG_ANALYZER_NONNULL = YES;
				CLANG_CXX_LANGUAGE_STANDARD = "gnu++0x";
				CLANG_CXX_LIBRARY = "libc++";
				CLANG_ENABLE_MODULES = YES;
				CLANG_ENABLE_OBJC_ARC = YES;
				CLANG_WARN_BOOL_CONVERSION = YES;
				CLANG_WARN_CONSTANT_CONVERSION = YES;
				CLANG_WARN_DIRECT_OBJC_ISA_USAGE = YES_ERROR;
				CLANG_WARN_DOCUMENTATION_COMMENTS = YES;
				CLANG_WARN_EMPTY_BODY = YES;
				CLANG_WARN_ENUM_CONVERSION = YES;
				CLANG_WARN_INFINITE_RECURSION = YES;
				CLANG_WARN_INT_CONVERSION = YES;
				CLANG_WARN_OBJC_ROOT_CLASS = YES_ERROR;
				CLANG_WARN_SUSPICIOUS_MOVE = YES;
				CLANG_WARN_UNREACHABLE_CODE = YES;
				CLANG_WARN__DUPLICATE_METHOD_MATCH = YES;
				"CODE_SIGN_IDENTITY[sdk=iphoneos*]" = "iPhone Developer";
				COPY_PHASE_STRIP = NO;
				DEBUG_INFORMATION_FORMAT = "dwarf-with-dsym";
				ENABLE_NS_ASSERTIONS = NO;
				ENABLE_STRICT_OBJC_MSGSEND = YES;
				GCC_C_LANGUAGE_STANDARD = gnu99;
				GCC_NO_COMMON_BLOCKS = YES;
				GCC_WARN_64_TO_32_BIT_CONVERSION = YES;
				GCC_WARN_ABOUT_RETURN_TYPE = YES_ERROR;
				GCC_WARN_UNDECLARED_SELECTOR = YES;
				GCC_WARN_UNINITIALIZED_AUTOS = YES_AGGRESSIVE;
				GCC_WARN_UNUSED_FUNCTION = YES;
				GCC_WARN_UNUSED_VARIABLE = YES;
				IPHONEOS_DEPLOYMENT_TARGET = 10.2;
				MTL_ENABLE_DEBUG_INFO = NO;
				SDKROOT = iphoneos;
				VALIDATE_PRODUCT = YES;
			};
			name = Release;
		};
		A6DEDEB61E085037006B0F5D /* Debug */ = {
			isa = XCBuildConfiguration;
			buildSettings = {
				ASSETCATALOG_COMPILER_APPICON_NAME = AppIcon;
				DEVELOPMENT_TEAM = RS93W547X8;
				FRAMEWORK_SEARCH_PATHS = (
					"$(inherited)",
					"$(PROJECT_DIR)/Carthage/Build/iOS",
				);
				INFOPLIST_FILE = MarvelComics/Info.plist;
				IPHONEOS_DEPLOYMENT_TARGET = 9.0;
				LD_RUNPATH_SEARCH_PATHS = "$(inherited) @executable_path/Frameworks";
				PRODUCT_BUNDLE_IDENTIFIER = com.zzheads.MarvelComics;
				PRODUCT_NAME = "$(TARGET_NAME)";
			};
			name = Debug;
		};
		A6DEDEB71E085037006B0F5D /* Release */ = {
			isa = XCBuildConfiguration;
			buildSettings = {
				ASSETCATALOG_COMPILER_APPICON_NAME = AppIcon;
				DEVELOPMENT_TEAM = RS93W547X8;
				FRAMEWORK_SEARCH_PATHS = (
					"$(inherited)",
					"$(PROJECT_DIR)/Carthage/Build/iOS",
				);
				INFOPLIST_FILE = MarvelComics/Info.plist;
				IPHONEOS_DEPLOYMENT_TARGET = 9.0;
				LD_RUNPATH_SEARCH_PATHS = "$(inherited) @executable_path/Frameworks";
				PRODUCT_BUNDLE_IDENTIFIER = com.zzheads.MarvelComics;
				PRODUCT_NAME = "$(TARGET_NAME)";
			};
			name = Release;
		};
/* End XCBuildConfiguration section */

/* Begin XCConfigurationList section */
		A6DEDE991E085037006B0F5D /* Build configuration list for PBXProject "MarvelComics" */ = {
			isa = XCConfigurationList;
			buildConfigurations = (
				A6DEDEB31E085037006B0F5D /* Debug */,
				A6DEDEB41E085037006B0F5D /* Release */,
			);
			defaultConfigurationIsVisible = 0;
			defaultConfigurationName = Release;
		};
		A6DEDEB51E085037006B0F5D /* Build configuration list for PBXNativeTarget "MarvelComics" */ = {
			isa = XCConfigurationList;
			buildConfigurations = (
				A6DEDEB61E085037006B0F5D /* Debug */,
				A6DEDEB71E085037006B0F5D /* Release */,
			);
			defaultConfigurationIsVisible = 0;
			defaultConfigurationName = Release;
		};
/* End XCConfigurationList section */
	};
	rootObject = A6DEDE961E085037006B0F5D /* Project object */;
}
